// !$*UTF8*$!
{
	archiveVersion = 1;
	classes = {
	};
	objectVersion = 50;
	objects = {

/* Begin PBXBuildFile section */
		63059430247462E100D9531B /* AppDelegate.swift in Sources */ = {isa = PBXBuildFile; fileRef = 6305942F247462E100D9531B /* AppDelegate.swift */; };
		63059434247462E100D9531B /* LoginViewController.swift in Sources */ = {isa = PBXBuildFile; fileRef = 63059433247462E100D9531B /* LoginViewController.swift */; };
		63059439247462E300D9531B /* Assets.xcassets in Resources */ = {isa = PBXBuildFile; fileRef = 63059438247462E300D9531B /* Assets.xcassets */; };
		6305943C247462E300D9531B /* LaunchScreen.storyboard in Resources */ = {isa = PBXBuildFile; fileRef = 6305943A247462E300D9531B /* LaunchScreen.storyboard */; };
		63059447247462E300D9531B /* CombiteTestTests.swift in Sources */ = {isa = PBXBuildFile; fileRef = 63059446247462E300D9531B /* CombiteTestTests.swift */; };
		632D0A2324A96889003A5F15 /* HomeViewController.swift in Sources */ = {isa = PBXBuildFile; fileRef = 632D0A2224A96889003A5F15 /* HomeViewController.swift */; };
		632D0A2524A968F2003A5F15 /* HomeView.swift in Sources */ = {isa = PBXBuildFile; fileRef = 632D0A2424A968F2003A5F15 /* HomeView.swift */; };
		636FBFB3248FEEE3001C8822 /* LoginModel.swift in Sources */ = {isa = PBXBuildFile; fileRef = 636FBFB2248FEEE3001C8822 /* LoginModel.swift */; };
		637A622524782E8100BB6A3B /* LoginView.swift in Sources */ = {isa = PBXBuildFile; fileRef = 637A622424782E8100BB6A3B /* LoginView.swift */; };
		637A622824782F2C00BB6A3B /* CodableView.swift in Sources */ = {isa = PBXBuildFile; fileRef = 637A622724782F2C00BB6A3B /* CodableView.swift */; };
		63AC938324B392E200CD6FE2 /* CreateAccountView.swift in Sources */ = {isa = PBXBuildFile; fileRef = 63AC938224B392E200CD6FE2 /* CreateAccountView.swift */; };
		63AC938524B3931200CD6FE2 /* CreateAccountViewController.swift in Sources */ = {isa = PBXBuildFile; fileRef = 63AC938424B3931200CD6FE2 /* CreateAccountViewController.swift */; };
		63AC938724BDD04F00CD6FE2 /* CreateAccountModel.swift in Sources */ = {isa = PBXBuildFile; fileRef = 63AC938624BDD04F00CD6FE2 /* CreateAccountModel.swift */; };
/* End PBXBuildFile section */

/* Begin PBXContainerItemProxy section */
		63059443247462E300D9531B /* PBXContainerItemProxy */ = {
			isa = PBXContainerItemProxy;
			containerPortal = 63059424247462E100D9531B /* Project object */;
			proxyType = 1;
			remoteGlobalIDString = 6305942B247462E100D9531B;
			remoteInfo = CombiteTest;
		};
/* End PBXContainerItemProxy section */

/* Begin PBXFileReference section */
		6305942C247462E100D9531B /* CombiteTest.app */ = {isa = PBXFileReference; explicitFileType = wrapper.application; includeInIndex = 0; path = CombiteTest.app; sourceTree = BUILT_PRODUCTS_DIR; };
		6305942F247462E100D9531B /* AppDelegate.swift */ = {isa = PBXFileReference; lastKnownFileType = sourcecode.swift; path = AppDelegate.swift; sourceTree = "<group>"; };
		63059433247462E100D9531B /* LoginViewController.swift */ = {isa = PBXFileReference; lastKnownFileType = sourcecode.swift; path = LoginViewController.swift; sourceTree = "<group>"; };
		63059438247462E300D9531B /* Assets.xcassets */ = {isa = PBXFileReference; lastKnownFileType = folder.assetcatalog; path = Assets.xcassets; sourceTree = "<group>"; };
		6305943B247462E300D9531B /* Base */ = {isa = PBXFileReference; lastKnownFileType = file.storyboard; name = Base; path = Base.lproj/LaunchScreen.storyboard; sourceTree = "<group>"; };
		6305943D247462E300D9531B /* Info.plist */ = {isa = PBXFileReference; lastKnownFileType = text.plist.xml; path = Info.plist; sourceTree = "<group>"; };
		63059442247462E300D9531B /* CombiteTestTests.xctest */ = {isa = PBXFileReference; explicitFileType = wrapper.cfbundle; includeInIndex = 0; path = CombiteTestTests.xctest; sourceTree = BUILT_PRODUCTS_DIR; };
		63059446247462E300D9531B /* CombiteTestTests.swift */ = {isa = PBXFileReference; lastKnownFileType = sourcecode.swift; path = CombiteTestTests.swift; sourceTree = "<group>"; };
		63059448247462E300D9531B /* Info.plist */ = {isa = PBXFileReference; lastKnownFileType = text.plist.xml; path = Info.plist; sourceTree = "<group>"; };
		632D0A2224A96889003A5F15 /* HomeViewController.swift */ = {isa = PBXFileReference; lastKnownFileType = sourcecode.swift; path = HomeViewController.swift; sourceTree = "<group>"; };
		632D0A2424A968F2003A5F15 /* HomeView.swift */ = {isa = PBXFileReference; lastKnownFileType = sourcecode.swift; path = HomeView.swift; sourceTree = "<group>"; };
		636FBFB2248FEEE3001C8822 /* LoginModel.swift */ = {isa = PBXFileReference; lastKnownFileType = sourcecode.swift; path = LoginModel.swift; sourceTree = "<group>"; };
		637A622424782E8100BB6A3B /* LoginView.swift */ = {isa = PBXFileReference; lastKnownFileType = sourcecode.swift; path = LoginView.swift; sourceTree = "<group>"; };
		637A622724782F2C00BB6A3B /* CodableView.swift */ = {isa = PBXFileReference; lastKnownFileType = sourcecode.swift; path = CodableView.swift; sourceTree = "<group>"; };
		63AC938224B392E200CD6FE2 /* CreateAccountView.swift */ = {isa = PBXFileReference; lastKnownFileType = sourcecode.swift; path = CreateAccountView.swift; sourceTree = "<group>"; };
		63AC938424B3931200CD6FE2 /* CreateAccountViewController.swift */ = {isa = PBXFileReference; lastKnownFileType = sourcecode.swift; path = CreateAccountViewController.swift; sourceTree = "<group>"; };
		63AC938624BDD04F00CD6FE2 /* CreateAccountModel.swift */ = {isa = PBXFileReference; lastKnownFileType = sourcecode.swift; path = CreateAccountModel.swift; sourceTree = "<group>"; };
/* End PBXFileReference section */

/* Begin PBXFrameworksBuildPhase section */
		63059429247462E100D9531B /* Frameworks */ = {
			isa = PBXFrameworksBuildPhase;
			buildActionMask = 2147483647;
			files = (
			);
			runOnlyForDeploymentPostprocessing = 0;
		};
		6305943F247462E300D9531B /* Frameworks */ = {
			isa = PBXFrameworksBuildPhase;
			buildActionMask = 2147483647;
			files = (
			);
			runOnlyForDeploymentPostprocessing = 0;
		};
/* End PBXFrameworksBuildPhase section */

/* Begin PBXGroup section */
		63059423247462E100D9531B = {
			isa = PBXGroup;
			children = (
				6305942E247462E100D9531B /* CombiteTest */,
				63059445247462E300D9531B /* CombiteTestTests */,
				6305942D247462E100D9531B /* Products */,
			);
			sourceTree = "<group>";
		};
		6305942D247462E100D9531B /* Products */ = {
			isa = PBXGroup;
			children = (
				6305942C247462E100D9531B /* CombiteTest.app */,
				63059442247462E300D9531B /* CombiteTestTests.xctest */,
			);
			name = Products;
			sourceTree = "<group>";
		};
		6305942E247462E100D9531B /* CombiteTest */ = {
			isa = PBXGroup;
			children = (
				636FBFB4248FEF53001C8822 /* Controllers */,
				636FBFB1248FEED2001C8822 /* models */,
				637A622624782F1800BB6A3B /* protocols */,
				637A622324782E7400BB6A3B /* Views */,
				6305942F247462E100D9531B /* AppDelegate.swift */,
				63059438247462E300D9531B /* Assets.xcassets */,
				6305943A247462E300D9531B /* LaunchScreen.storyboard */,
				6305943D247462E300D9531B /* Info.plist */,
			);
			path = CombiteTest;
			sourceTree = "<group>";
		};
		63059445247462E300D9531B /* CombiteTestTests */ = {
			isa = PBXGroup;
			children = (
				63059446247462E300D9531B /* CombiteTestTests.swift */,
				63059448247462E300D9531B /* Info.plist */,
			);
			path = CombiteTestTests;
			sourceTree = "<group>";
		};
		636FBFB1248FEED2001C8822 /* models */ = {
			isa = PBXGroup;
			children = (
				636FBFB2248FEEE3001C8822 /* LoginModel.swift */,
				63AC938624BDD04F00CD6FE2 /* CreateAccountModel.swift */,
			);
			path = models;
			sourceTree = "<group>";
		};
		636FBFB4248FEF53001C8822 /* Controllers */ = {
			isa = PBXGroup;
			children = (
				63059433247462E100D9531B /* LoginViewController.swift */,
				632D0A2224A96889003A5F15 /* HomeViewController.swift */,
				63AC938424B3931200CD6FE2 /* CreateAccountViewController.swift */,
			);
			path = Controllers;
			sourceTree = "<group>";
		};
		637A622324782E7400BB6A3B /* Views */ = {
			isa = PBXGroup;
			children = (
				637A622424782E8100BB6A3B /* LoginView.swift */,
				632D0A2424A968F2003A5F15 /* HomeView.swift */,
				63AC938224B392E200CD6FE2 /* CreateAccountView.swift */,
			);
			path = Views;
			sourceTree = "<group>";
		};
		637A622624782F1800BB6A3B /* protocols */ = {
			isa = PBXGroup;
			children = (
				637A622724782F2C00BB6A3B /* CodableView.swift */,
			);
			path = protocols;
			sourceTree = "<group>";
		};
/* End PBXGroup section */

/* Begin PBXNativeTarget section */
		6305942B247462E100D9531B /* CombiteTest */ = {
			isa = PBXNativeTarget;
			buildConfigurationList = 6305944B247462E300D9531B /* Build configuration list for PBXNativeTarget "CombiteTest" */;
			buildPhases = (
				63059428247462E100D9531B /* Sources */,
				63059429247462E100D9531B /* Frameworks */,
				6305942A247462E100D9531B /* Resources */,
			);
			buildRules = (
			);
			dependencies = (
			);
			name = CombiteTest;
			productName = CombiteTest;
			productReference = 6305942C247462E100D9531B /* CombiteTest.app */;
			productType = "com.apple.product-type.application";
		};
		63059441247462E300D9531B /* CombiteTestTests */ = {
			isa = PBXNativeTarget;
			buildConfigurationList = 6305944E247462E300D9531B /* Build configuration list for PBXNativeTarget "CombiteTestTests" */;
			buildPhases = (
				6305943E247462E300D9531B /* Sources */,
				6305943F247462E300D9531B /* Frameworks */,
				63059440247462E300D9531B /* Resources */,
			);
			buildRules = (
			);
			dependencies = (
				63059444247462E300D9531B /* PBXTargetDependency */,
			);
			name = CombiteTestTests;
			productName = CombiteTestTests;
			productReference = 63059442247462E300D9531B /* CombiteTestTests.xctest */;
			productType = "com.apple.product-type.bundle.unit-test";
		};
/* End PBXNativeTarget section */

/* Begin PBXProject section */
		63059424247462E100D9531B /* Project object */ = {
			isa = PBXProject;
			attributes = {
				LastSwiftUpdateCheck = 1130;
				LastUpgradeCheck = 1130;
				ORGANIZATIONNAME = adriel.de.a.freire;
				TargetAttributes = {
					6305942B247462E100D9531B = {
						CreatedOnToolsVersion = 11.3.1;
					};
					63059441247462E300D9531B = {
						CreatedOnToolsVersion = 11.3.1;
						TestTargetID = 6305942B247462E100D9531B;
					};
				};
			};
			buildConfigurationList = 63059427247462E100D9531B /* Build configuration list for PBXProject "CombiteTest" */;
			compatibilityVersion = "Xcode 9.3";
			developmentRegion = en;
			hasScannedForEncodings = 0;
			knownRegions = (
				en,
				Base,
			);
			mainGroup = 63059423247462E100D9531B;
			productRefGroup = 6305942D247462E100D9531B /* Products */;
			projectDirPath = "";
			projectRoot = "";
			targets = (
				6305942B247462E100D9531B /* CombiteTest */,
				63059441247462E300D9531B /* CombiteTestTests */,
			);
		};
/* End PBXProject section */

/* Begin PBXResourcesBuildPhase section */
		6305942A247462E100D9531B /* Resources */ = {
			isa = PBXResourcesBuildPhase;
			buildActionMask = 2147483647;
			files = (
				6305943C247462E300D9531B /* LaunchScreen.storyboard in Resources */,
				63059439247462E300D9531B /* Assets.xcassets in Resources */,
			);
			runOnlyForDeploymentPostprocessing = 0;
		};
		63059440247462E300D9531B /* Resources */ = {
			isa = PBXResourcesBuildPhase;
			buildActionMask = 2147483647;
			files = (
			);
			runOnlyForDeploymentPostprocessing = 0;
		};
/* End PBXResourcesBuildPhase section */

/* Begin PBXSourcesBuildPhase section */
		63059428247462E100D9531B /* Sources */ = {
			isa = PBXSourcesBuildPhase;
			buildActionMask = 2147483647;
			files = (
				636FBFB3248FEEE3001C8822 /* LoginModel.swift in Sources */,
				632D0A2524A968F2003A5F15 /* HomeView.swift in Sources */,
				637A622524782E8100BB6A3B /* LoginView.swift in Sources */,
				63AC938524B3931200CD6FE2 /* CreateAccountViewController.swift in Sources */,
				637A622824782F2C00BB6A3B /* CodableView.swift in Sources */,
				63059434247462E100D9531B /* LoginViewController.swift in Sources */,
				63059430247462E100D9531B /* AppDelegate.swift in Sources */,
				63AC938724BDD04F00CD6FE2 /* CreateAccountModel.swift in Sources */,
				63AC938324B392E200CD6FE2 /* CreateAccountView.swift in Sources */,
				632D0A2324A96889003A5F15 /* HomeViewController.swift in Sources */,
			);
			runOnlyForDeploymentPostprocessing = 0;
		};
		6305943E247462E300D9531B /* Sources */ = {
			isa = PBXSourcesBuildPhase;
			buildActionMask = 2147483647;
			files = (
				63059447247462E300D9531B /* CombiteTestTests.swift in Sources */,
			);
			runOnlyForDeploymentPostprocessing = 0;
		};
/* End PBXSourcesBuildPhase section */

/* Begin PBXTargetDependency section */
		63059444247462E300D9531B /* PBXTargetDependency */ = {
			isa = PBXTargetDependency;
			target = 6305942B247462E100D9531B /* CombiteTest */;
			targetProxy = 63059443247462E300D9531B /* PBXContainerItemProxy */;
		};
/* End PBXTargetDependency section */

/* Begin PBXVariantGroup section */
		6305943A247462E300D9531B /* LaunchScreen.storyboard */ = {
			isa = PBXVariantGroup;
			children = (
				6305943B247462E300D9531B /* Base */,
			);
			name = LaunchScreen.storyboard;
			sourceTree = "<group>";
		};
/* End PBXVariantGroup section */

/* Begin XCBuildConfiguration section */
		63059449247462E300D9531B /* Debug */ = {
			isa = XCBuildConfiguration;
			buildSettings = {
				ALWAYS_SEARCH_USER_PATHS = NO;
				CLANG_ANALYZER_NONNULL = YES;
				CLANG_ANALYZER_NUMBER_OBJECT_CONVERSION = YES_AGGRESSIVE;
				CLANG_CXX_LANGUAGE_STANDARD = "gnu++14";
				CLANG_CXX_LIBRARY = "libc++";
				CLANG_ENABLE_MODULES = YES;
				CLANG_ENABLE_OBJC_ARC = YES;
				CLANG_ENABLE_OBJC_WEAK = YES;
				CLANG_WARN_BLOCK_CAPTURE_AUTORELEASING = YES;
				CLANG_WARN_BOOL_CONVERSION = YES;
				CLANG_WARN_COMMA = YES;
				CLANG_WARN_CONSTANT_CONVERSION = YES;
				CLANG_WARN_DEPRECATED_OBJC_IMPLEMENTATIONS = YES;
				CLANG_WARN_DIRECT_OBJC_ISA_USAGE = YES_ERROR;
				CLANG_WARN_DOCUMENTATION_COMMENTS = YES;
				CLANG_WARN_EMPTY_BODY = YES;
				CLANG_WARN_ENUM_CONVERSION = YES;
				CLANG_WARN_INFINITE_RECURSION = YES;
				CLANG_WARN_INT_CONVERSION = YES;
				CLANG_WARN_NON_LITERAL_NULL_CONVERSION = YES;
				CLANG_WARN_OBJC_IMPLICIT_RETAIN_SELF = YES;
				CLANG_WARN_OBJC_LITERAL_CONVERSION = YES;
				CLANG_WARN_OBJC_ROOT_CLASS = YES_ERROR;
				CLANG_WARN_RANGE_LOOP_ANALYSIS = YES;
				CLANG_WARN_STRICT_PROTOTYPES = YES;
				CLANG_WARN_SUSPICIOUS_MOVE = YES;
				CLANG_WARN_UNGUARDED_AVAILABILITY = YES_AGGRESSIVE;
				CLANG_WARN_UNREACHABLE_CODE = YES;
				CLANG_WARN__DUPLICATE_METHOD_MATCH = YES;
				COPY_PHASE_STRIP = NO;
				DEBUG_INFORMATION_FORMAT = dwarf;
				ENABLE_STRICT_OBJC_MSGSEND = YES;
				ENABLE_TESTABILITY = YES;
				GCC_C_LANGUAGE_STANDARD = gnu11;
				GCC_DYNAMIC_NO_PIC = NO;
				GCC_NO_COMMON_BLOCKS = YES;
				GCC_OPTIMIZATION_LEVEL = 0;
				GCC_PREPROCESSOR_DEFINITIONS = (
					"DEBUG=1",
					"$(inherited)",
				);
				GCC_WARN_64_TO_32_BIT_CONVERSION = YES;
				GCC_WARN_ABOUT_RETURN_TYPE = YES_ERROR;
				GCC_WARN_UNDECLARED_SELECTOR = YES;
				GCC_WARN_UNINITIALIZED_AUTOS = YES_AGGRESSIVE;
				GCC_WARN_UNUSED_FUNCTION = YES;
				GCC_WARN_UNUSED_VARIABLE = YES;
				IPHONEOS_DEPLOYMENT_TARGET = 13.2;
				MTL_ENABLE_DEBUG_INFO = INCLUDE_SOURCE;
				MTL_FAST_MATH = YES;
				ONLY_ACTIVE_ARCH = YES;
				SDKROOT = iphoneos;
				SWIFT_ACTIVE_COMPILATION_CONDITIONS = DEBUG;
				SWIFT_OPTIMIZATION_LEVEL = "-Onone";
			};
			name = Debug;
		};
		6305944A247462E300D9531B /* Release */ = {
			isa = XCBuildConfiguration;
			buildSettings = {
				ALWAYS_SEARCH_USER_PATHS = NO;
				CLANG_ANALYZER_NONNULL = YES;
				CLANG_ANALYZER_NUMBER_OBJECT_CONVERSION = YES_AGGRESSIVE;
				CLANG_CXX_LANGUAGE_STANDARD = "gnu++14";
				CLANG_CXX_LIBRARY = "libc++";
				CLANG_ENABLE_MODULES = YES;
				CLANG_ENABLE_OBJC_ARC = YES;
				CLANG_ENABLE_OBJC_WEAK = YES;
				CLANG_WARN_BLOCK_CAPTURE_AUTORELEASING = YES;
				CLANG_WARN_BOOL_CONVERSION = YES;
				CLANG_WARN_COMMA = YES;
				CLANG_WARN_CONSTANT_CONVERSION = YES;
				CLANG_WARN_DEPRECATED_OBJC_IMPLEMENTATIONS = YES;
				CLANG_WARN_DIRECT_OBJC_ISA_USAGE = YES_ERROR;
				CLANG_WARN_DOCUMENTATION_COMMENTS = YES;
				CLANG_WARN_EMPTY_BODY = YES;
				CLANG_WARN_ENUM_CONVERSION = YES;
				CLANG_WARN_INFINITE_RECURSION = YES;
				CLANG_WARN_INT_CONVERSION = YES;
				CLANG_WARN_NON_LITERAL_NULL_CONVERSION = YES;
				CLANG_WARN_OBJC_IMPLICIT_RETAIN_SELF = YES;
				CLANG_WARN_OBJC_LITERAL_CONVERSION = YES;
				CLANG_WARN_OBJC_ROOT_CLASS = YES_ERROR;
				CLANG_WARN_RANGE_LOOP_ANALYSIS = YES;
				CLANG_WARN_STRICT_PROTOTYPES = YES;
				CLANG_WARN_SUSPICIOUS_MOVE = YES;
				CLANG_WARN_UNGUARDED_AVAILABILITY = YES_AGGRESSIVE;
				CLANG_WARN_UNREACHABLE_CODE = YES;
				CLANG_WARN__DUPLICATE_METHOD_MATCH = YES;
				COPY_PHASE_STRIP = NO;
				DEBUG_INFORMATION_FORMAT = "dwarf-with-dsym";
				ENABLE_NS_ASSERTIONS = NO;
				ENABLE_STRICT_OBJC_MSGSEND = YES;
				GCC_C_LANGUAGE_STANDARD = gnu11;
				GCC_NO_COMMON_BLOCKS = YES;
				GCC_WARN_64_TO_32_BIT_CONVERSION = YES;
				GCC_WARN_ABOUT_RETURN_TYPE = YES_ERROR;
				GCC_WARN_UNDECLARED_SELECTOR = YES;
				GCC_WARN_UNINITIALIZED_AUTOS = YES_AGGRESSIVE;
				GCC_WARN_UNUSED_FUNCTION = YES;
				GCC_WARN_UNUSED_VARIABLE = YES;
				IPHONEOS_DEPLOYMENT_TARGET = 13.2;
				MTL_ENABLE_DEBUG_INFO = NO;
				MTL_FAST_MATH = YES;
				SDKROOT = iphoneos;
				SWIFT_COMPILATION_MODE = wholemodule;
				SWIFT_OPTIMIZATION_LEVEL = "-O";
				VALIDATE_PRODUCT = YES;
			};
			name = Release;
		};
		6305944C247462E300D9531B /* Debug */ = {
			isa = XCBuildConfiguration;
			buildSettings = {
				ASSETCATALOG_COMPILER_APPICON_NAME = AppIcon;
				CODE_SIGN_STYLE = Automatic;
				DEVELOPMENT_TEAM = 5DU2TGUWKP;
				INFOPLIST_FILE = CombiteTest/Info.plist;
				LD_RUNPATH_SEARCH_PATHS = (
					"$(inherited)",
					"@executable_path/Frameworks",
				);
				PRODUCT_BUNDLE_IDENTIFIER = com.csadriel.CombiteTest;
				PRODUCT_NAME = "$(TARGET_NAME)";
				SWIFT_VERSION = 5.0;
				TARGETED_DEVICE_FAMILY = "1,2";
			};
			name = Debug;
		};
		6305944D247462E300D9531B /* Release */ = {
			isa = XCBuildConfiguration;
			buildSettings = {
				ASSETCATALOG_COMPILER_APPICON_NAME = AppIcon;
				CODE_SIGN_STYLE = Automatic;
				DEVELOPMENT_TEAM = 5DU2TGUWKP;
				INFOPLIST_FILE = CombiteTest/Info.plist;
				LD_RUNPATH_SEARCH_PATHS = (
					"$(inherited)",
					"@executable_path/Frameworks",
				);
				PRODUCT_BUNDLE_IDENTIFIER = com.csadriel.CombiteTest;
				PRODUCT_NAME = "$(TARGET_NAME)";
				SWIFT_VERSION = 5.0;
				TARGETED_DEVICE_FAMILY = "1,2";
			};
			name = Release;
		};
		6305944F247462E300D9531B /* Debug */ = {
			isa = XCBuildConfiguration;
			buildSettings = {
				ALWAYS_EMBED_SWIFT_STANDARD_LIBRARIES = YES;
				BUNDLE_LOADER = "$(TEST_HOST)";
				CODE_SIGN_STYLE = Automatic;
				DEVELOPMENT_TEAM = 5DU2TGUWKP;
				INFOPLIST_FILE = CombiteTestTests/Info.plist;
				IPHONEOS_DEPLOYMENT_TARGET = 13.2;
				LD_RUNPATH_SEARCH_PATHS = (
					"$(inherited)",
					"@executable_path/Frameworks",
					"@loader_path/Frameworks",
				);
				PRODUCT_BUNDLE_IDENTIFIER = com.csadriel.CombiteTestTests;
				PRODUCT_NAME = "$(TARGET_NAME)";
				SWIFT_VERSION = 5.0;
				TARGETED_DEVICE_FAMILY = "1,2";
				TEST_HOST = "$(BUILT_PRODUCTS_DIR)/CombiteTest.app/CombiteTest";
			};
			name = Debug;
		};
		63059450247462E300D9531B /* Release */ = {
			isa = XCBuildConfiguration;
			buildSettings = {
				ALWAYS_EMBED_SWIFT_STANDARD_LIBRARIES = YES;
				BUNDLE_LOADER = "$(TEST_HOST)";
				CODE_SIGN_STYLE = Automatic;
				DEVELOPMENT_TEAM = 5DU2TGUWKP;
				INFOPLIST_FILE = CombiteTestTests/Info.plist;
				IPHONEOS_DEPLOYMENT_TARGET = 13.2;
				LD_RUNPATH_SEARCH_PATHS = (
					"$(inherited)",
					"@executable_path/Frameworks",
					"@loader_path/Frameworks",
				);
				PRODUCT_BUNDLE_IDENTIFIER = com.csadriel.CombiteTestTests;
				PRODUCT_NAME = "$(TARGET_NAME)";
				SWIFT_VERSION = 5.0;
				TARGETED_DEVICE_FAMILY = "1,2";
				TEST_HOST = "$(BUILT_PRODUCTS_DIR)/CombiteTest.app/CombiteTest";
			};
			name = Release;
		};
/* End XCBuildConfiguration section */

/* Begin XCConfigurationList section */
		63059427247462E100D9531B /* Build configuration list for PBXProject "CombiteTest" */ = {
			isa = XCConfigurationList;
			buildConfigurations = (
				63059449247462E300D9531B /* Debug */,
				6305944A247462E300D9531B /* Release */,
			);
			defaultConfigurationIsVisible = 0;
			defaultConfigurationName = Release;
		};
		6305944B247462E300D9531B /* Build configuration list for PBXNativeTarget "CombiteTest" */ = {
			isa = XCConfigurationList;
			buildConfigurations = (
				6305944C247462E300D9531B /* Debug */,
				6305944D247462E300D9531B /* Release */,
			);
			defaultConfigurationIsVisible = 0;
			defaultConfigurationName = Release;
		};
		6305944E247462E300D9531B /* Build configuration list for PBXNativeTarget "CombiteTestTests" */ = {
			isa = XCConfigurationList;
			buildConfigurations = (
				6305944F247462E300D9531B /* Debug */,
				63059450247462E300D9531B /* Release */,
			);
			defaultConfigurationIsVisible = 0;
			defaultConfigurationName = Release;
		};
/* End XCConfigurationList section */
	};
	rootObject = 63059424247462E100D9531B /* Project object */;
}
